
Microsoft Visual Studio Solution File, Format Version 12.00
# Visual Studio Version 16
VisualStudioVersion = 16.0.30907.101
MinimumVisualStudioVersion = 10.0.40219.1
Project("{FAE04EC0-301F-11D3-BF4B-00C04F79EFBC}") = "ClassMetotDemo", "ClassMetotDemo\ClassMetotDemo.csproj", "{2FE33266-7634-4B20-B2C8-89EEE7F98183}"
EndProject
Global
	GlobalSection(SolutionConfigurationPlatforms) = preSolution
		Debug|Any CPU = Debug|Any CPU
		Release|Any CPU = Release|Any CPU
	EndGlobalSection
	GlobalSection(ProjectConfigurationPlatforms) = postSolution
		{2FE33266-7634-4B20-B2C8-89EEE7F98183}.Debug|Any CPU.ActiveCfg = Debug|Any CPU
		{2FE33266-7634-4B20-B2C8-89EEE7F98183}.Debug|Any CPU.Build.0 = Debug|Any CPU
		{2FE33266-7634-4B20-B2C8-89EEE7F98183}.Release|Any CPU.ActiveCfg = Release|Any CPU
		{2FE33266-7634-4B20-B2C8-89EEE7F98183}.Release|Any CPU.Build.0 = Release|Any CPU
	EndGlobalSection
	GlobalSection(SolutionProperties) = preSolution
		HideSolutionNode = FALSE
	EndGlobalSection
	GlobalSection(ExtensibilityGlobals) = postSolution
		SolutionGuid = {982C0230-B137-4DB8-BA73-409955FE6073}
	EndGlobalSection
EndGlobal
